// !$*UTF8*$!
{
	archiveVersion = 1;
	classes = {
	};
	objectVersion = 56;
	objects = {

/* Begin PBXBuildFile section */
		47EDBEBE2A422CFB00662755 /* ChatGPT_ML_WorksApp.swift in Sources */ = {isa = PBXBuildFile; fileRef = 47EDBEBD2A422CFB00662755 /* ChatGPT_ML_WorksApp.swift */; };
		47EDBEC02A422CFB00662755 /* ContentView.swift in Sources */ = {isa = PBXBuildFile; fileRef = 47EDBEBF2A422CFB00662755 /* ContentView.swift */; };
		47EDBEC22A422CFD00662755 /* Assets.xcassets in Resources */ = {isa = PBXBuildFile; fileRef = 47EDBEC12A422CFD00662755 /* Assets.xcassets */; };
		47EDBEC52A422CFD00662755 /* Preview Assets.xcassets in Resources */ = {isa = PBXBuildFile; fileRef = 47EDBEC42A422CFD00662755 /* Preview Assets.xcassets */; };
		47EDBEC72A422CFD00662755 /* Persistence.swift in Sources */ = {isa = PBXBuildFile; fileRef = 47EDBEC62A422CFD00662755 /* Persistence.swift */; };
		47EDBECA2A422CFD00662755 /* ChatGPT_ML_Works.xcdatamodeld in Sources */ = {isa = PBXBuildFile; fileRef = 47EDBEC82A422CFD00662755 /* ChatGPT_ML_Works.xcdatamodeld */; };
		47EDBED42A422CFD00662755 /* ChatGPT_ML_WorksTests.swift in Sources */ = {isa = PBXBuildFile; fileRef = 47EDBED32A422CFD00662755 /* ChatGPT_ML_WorksTests.swift */; };
		47EDBEDE2A422CFD00662755 /* ChatGPT_ML_WorksUITests.swift in Sources */ = {isa = PBXBuildFile; fileRef = 47EDBEDD2A422CFD00662755 /* ChatGPT_ML_WorksUITests.swift */; };
		47EDBEE02A422CFD00662755 /* ChatGPT_ML_WorksUITestsLaunchTests.swift in Sources */ = {isa = PBXBuildFile; fileRef = 47EDBEDF2A422CFD00662755 /* ChatGPT_ML_WorksUITestsLaunchTests.swift */; };
		47EDBEEE2A422DB200662755 /* GPTEncoder in Frameworks */ = {isa = PBXBuildFile; productRef = 47EDBEED2A422DB200662755 /* GPTEncoder */; };
		47EDBEF02A422E6F00662755 /* ChatGPTService.swift in Sources */ = {isa = PBXBuildFile; fileRef = 47EDBEEF2A422E6F00662755 /* ChatGPTService.swift */; };
		47EDBEF32A42311200662755 /* GPTModels.swift in Sources */ = {isa = PBXBuildFile; fileRef = 47EDBEF22A42311200662755 /* GPTModels.swift */; };
		47EDBEF42A42311200662755 /* GPTModels.swift in Sources */ = {isa = PBXBuildFile; fileRef = 47EDBEF22A42311200662755 /* GPTModels.swift */; };
		47EDBEF52A42311200662755 /* GPTModels.swift in Sources */ = {isa = PBXBuildFile; fileRef = 47EDBEF22A42311200662755 /* GPTModels.swift */; };
		47EDBEF82A42316C00662755 /* Array+Extensions.swift in Sources */ = {isa = PBXBuildFile; fileRef = 47EDBEF72A42316C00662755 /* Array+Extensions.swift */; };
		47EDBEF92A42316C00662755 /* Array+Extensions.swift in Sources */ = {isa = PBXBuildFile; fileRef = 47EDBEF72A42316C00662755 /* Array+Extensions.swift */; };
		47EDBEFA2A42316C00662755 /* Array+Extensions.swift in Sources */ = {isa = PBXBuildFile; fileRef = 47EDBEF72A42316C00662755 /* Array+Extensions.swift */; };
/* End PBXBuildFile section */

/* Begin PBXContainerItemProxy section */
		47EDBED02A422CFD00662755 /* PBXContainerItemProxy */ = {
			isa = PBXContainerItemProxy;
			containerPortal = 47EDBEB22A422CFB00662755 /* Project object */;
			proxyType = 1;
			remoteGlobalIDString = 47EDBEB92A422CFB00662755;
			remoteInfo = ChatGPT_ML_Works;
		};
		47EDBEDA2A422CFD00662755 /* PBXContainerItemProxy */ = {
			isa = PBXContainerItemProxy;
			containerPortal = 47EDBEB22A422CFB00662755 /* Project object */;
			proxyType = 1;
			remoteGlobalIDString = 47EDBEB92A422CFB00662755;
			remoteInfo = ChatGPT_ML_Works;
		};
/* End PBXContainerItemProxy section */

/* Begin PBXFileReference section */
		47EDBEBA2A422CFB00662755 /* ChatGPT_ML_Works.app */ = {isa = PBXFileReference; explicitFileType = wrapper.application; includeInIndex = 0; path = ChatGPT_ML_Works.app; sourceTree = BUILT_PRODUCTS_DIR; };
		47EDBEBD2A422CFB00662755 /* ChatGPT_ML_WorksApp.swift */ = {isa = PBXFileReference; lastKnownFileType = sourcecode.swift; path = ChatGPT_ML_WorksApp.swift; sourceTree = "<group>"; };
		47EDBEBF2A422CFB00662755 /* ContentView.swift */ = {isa = PBXFileReference; lastKnownFileType = sourcecode.swift; path = ContentView.swift; sourceTree = "<group>"; };
		47EDBEC12A422CFD00662755 /* Assets.xcassets */ = {isa = PBXFileReference; lastKnownFileType = folder.assetcatalog; path = Assets.xcassets; sourceTree = "<group>"; };
		47EDBEC42A422CFD00662755 /* Preview Assets.xcassets */ = {isa = PBXFileReference; lastKnownFileType = folder.assetcatalog; path = "Preview Assets.xcassets"; sourceTree = "<group>"; };
		47EDBEC62A422CFD00662755 /* Persistence.swift */ = {isa = PBXFileReference; lastKnownFileType = sourcecode.swift; path = Persistence.swift; sourceTree = "<group>"; };
		47EDBEC92A422CFD00662755 /* ChatGPT_ML_Works.xcdatamodel */ = {isa = PBXFileReference; lastKnownFileType = wrapper.xcdatamodel; path = ChatGPT_ML_Works.xcdatamodel; sourceTree = "<group>"; };
		47EDBECF2A422CFD00662755 /* ChatGPT_ML_WorksTests.xctest */ = {isa = PBXFileReference; explicitFileType = wrapper.cfbundle; includeInIndex = 0; path = ChatGPT_ML_WorksTests.xctest; sourceTree = BUILT_PRODUCTS_DIR; };
		47EDBED32A422CFD00662755 /* ChatGPT_ML_WorksTests.swift */ = {isa = PBXFileReference; lastKnownFileType = sourcecode.swift; path = ChatGPT_ML_WorksTests.swift; sourceTree = "<group>"; };
		47EDBED92A422CFD00662755 /* ChatGPT_ML_WorksUITests.xctest */ = {isa = PBXFileReference; explicitFileType = wrapper.cfbundle; includeInIndex = 0; path = ChatGPT_ML_WorksUITests.xctest; sourceTree = BUILT_PRODUCTS_DIR; };
		47EDBEDD2A422CFD00662755 /* ChatGPT_ML_WorksUITests.swift */ = {isa = PBXFileReference; lastKnownFileType = sourcecode.swift; path = ChatGPT_ML_WorksUITests.swift; sourceTree = "<group>"; };
		47EDBEDF2A422CFD00662755 /* ChatGPT_ML_WorksUITestsLaunchTests.swift */ = {isa = PBXFileReference; lastKnownFileType = sourcecode.swift; path = ChatGPT_ML_WorksUITestsLaunchTests.swift; sourceTree = "<group>"; };
		47EDBEEF2A422E6F00662755 /* ChatGPTService.swift */ = {isa = PBXFileReference; lastKnownFileType = sourcecode.swift; path = ChatGPTService.swift; sourceTree = "<group>"; };
		47EDBEF22A42311200662755 /* GPTModels.swift */ = {isa = PBXFileReference; lastKnownFileType = sourcecode.swift; path = GPTModels.swift; sourceTree = "<group>"; };
		47EDBEF72A42316C00662755 /* Array+Extensions.swift */ = {isa = PBXFileReference; lastKnownFileType = sourcecode.swift; path = "Array+Extensions.swift"; sourceTree = "<group>"; };
/* End PBXFileReference section */

/* Begin PBXFrameworksBuildPhase section */
		47EDBEB72A422CFB00662755 /* Frameworks */ = {
			isa = PBXFrameworksBuildPhase;
			buildActionMask = 2147483647;
			files = (
				47EDBEEE2A422DB200662755 /* GPTEncoder in Frameworks */,
			);
			runOnlyForDeploymentPostprocessing = 0;
		};
		47EDBECC2A422CFD00662755 /* Frameworks */ = {
			isa = PBXFrameworksBuildPhase;
			buildActionMask = 2147483647;
			files = (
			);
			runOnlyForDeploymentPostprocessing = 0;
		};
		47EDBED62A422CFD00662755 /* Frameworks */ = {
			isa = PBXFrameworksBuildPhase;
			buildActionMask = 2147483647;
			files = (
			);
			runOnlyForDeploymentPostprocessing = 0;
		};
/* End PBXFrameworksBuildPhase section */

/* Begin PBXGroup section */
		47EDBEB12A422CFB00662755 = {
			isa = PBXGroup;
			children = (
				47EDBEBC2A422CFB00662755 /* ChatGPT_ML_Works */,
				47EDBED22A422CFD00662755 /* ChatGPT_ML_WorksTests */,
				47EDBEDC2A422CFD00662755 /* ChatGPT_ML_WorksUITests */,
				47EDBEBB2A422CFB00662755 /* Products */,
			);
			sourceTree = "<group>";
		};
		47EDBEBB2A422CFB00662755 /* Products */ = {
			isa = PBXGroup;
			children = (
				47EDBEBA2A422CFB00662755 /* ChatGPT_ML_Works.app */,
				47EDBECF2A422CFD00662755 /* ChatGPT_ML_WorksTests.xctest */,
				47EDBED92A422CFD00662755 /* ChatGPT_ML_WorksUITests.xctest */,
			);
			name = Products;
			sourceTree = "<group>";
		};
		47EDBEBC2A422CFB00662755 /* ChatGPT_ML_Works */ = {
			isa = PBXGroup;
			children = (
				47EDBEF62A42315A00662755 /* Helpers */,
				47EDBEF12A4230FA00662755 /* GPT */,
				47EDBEBD2A422CFB00662755 /* ChatGPT_ML_WorksApp.swift */,
				47EDBEBF2A422CFB00662755 /* ContentView.swift */,
				47EDBEC12A422CFD00662755 /* Assets.xcassets */,
				47EDBEC62A422CFD00662755 /* Persistence.swift */,
				47EDBEC82A422CFD00662755 /* ChatGPT_ML_Works.xcdatamodeld */,
				47EDBEC32A422CFD00662755 /* Preview Content */,
			);
			path = ChatGPT_ML_Works;
			sourceTree = "<group>";
		};
		47EDBEC32A422CFD00662755 /* Preview Content */ = {
			isa = PBXGroup;
			children = (
				47EDBEC42A422CFD00662755 /* Preview Assets.xcassets */,
			);
			path = "Preview Content";
			sourceTree = "<group>";
		};
		47EDBED22A422CFD00662755 /* ChatGPT_ML_WorksTests */ = {
			isa = PBXGroup;
			children = (
				47EDBED32A422CFD00662755 /* ChatGPT_ML_WorksTests.swift */,
			);
			path = ChatGPT_ML_WorksTests;
			sourceTree = "<group>";
		};
		47EDBEDC2A422CFD00662755 /* ChatGPT_ML_WorksUITests */ = {
			isa = PBXGroup;
			children = (
				47EDBEDD2A422CFD00662755 /* ChatGPT_ML_WorksUITests.swift */,
				47EDBEDF2A422CFD00662755 /* ChatGPT_ML_WorksUITestsLaunchTests.swift */,
			);
			path = ChatGPT_ML_WorksUITests;
			sourceTree = "<group>";
		};
		47EDBEF12A4230FA00662755 /* GPT */ = {
			isa = PBXGroup;
			children = (
				47EDBEEF2A422E6F00662755 /* ChatGPTService.swift */,
				47EDBEF22A42311200662755 /* GPTModels.swift */,
			);
			path = GPT;
			sourceTree = "<group>";
		};
		47EDBEF62A42315A00662755 /* Helpers */ = {
			isa = PBXGroup;
			children = (
				47EDBEF72A42316C00662755 /* Array+Extensions.swift */,
			);
			path = Helpers;
			sourceTree = "<group>";
		};
/* End PBXGroup section */

/* Begin PBXNativeTarget section */
		47EDBEB92A422CFB00662755 /* ChatGPT_ML_Works */ = {
			isa = PBXNativeTarget;
			buildConfigurationList = 47EDBEE32A422CFD00662755 /* Build configuration list for PBXNativeTarget "ChatGPT_ML_Works" */;
			buildPhases = (
				47EDBEB62A422CFB00662755 /* Sources */,
				47EDBEB72A422CFB00662755 /* Frameworks */,
				47EDBEB82A422CFB00662755 /* Resources */,
			);
			buildRules = (
			);
			dependencies = (
			);
			name = ChatGPT_ML_Works;
			packageProductDependencies = (
				47EDBEED2A422DB200662755 /* GPTEncoder */,
			);
			productName = ChatGPT_ML_Works;
			productReference = 47EDBEBA2A422CFB00662755 /* ChatGPT_ML_Works.app */;
			productType = "com.apple.product-type.application";
		};
		47EDBECE2A422CFD00662755 /* ChatGPT_ML_WorksTests */ = {
			isa = PBXNativeTarget;
			buildConfigurationList = 47EDBEE62A422CFD00662755 /* Build configuration list for PBXNativeTarget "ChatGPT_ML_WorksTests" */;
			buildPhases = (
				47EDBECB2A422CFD00662755 /* Sources */,
				47EDBECC2A422CFD00662755 /* Frameworks */,
				47EDBECD2A422CFD00662755 /* Resources */,
			);
			buildRules = (
			);
			dependencies = (
				47EDBED12A422CFD00662755 /* PBXTargetDependency */,
			);
			name = ChatGPT_ML_WorksTests;
			productName = ChatGPT_ML_WorksTests;
			productReference = 47EDBECF2A422CFD00662755 /* ChatGPT_ML_WorksTests.xctest */;
			productType = "com.apple.product-type.bundle.unit-test";
		};
		47EDBED82A422CFD00662755 /* ChatGPT_ML_WorksUITests */ = {
			isa = PBXNativeTarget;
			buildConfigurationList = 47EDBEE92A422CFD00662755 /* Build configuration list for PBXNativeTarget "ChatGPT_ML_WorksUITests" */;
			buildPhases = (
				47EDBED52A422CFD00662755 /* Sources */,
				47EDBED62A422CFD00662755 /* Frameworks */,
				47EDBED72A422CFD00662755 /* Resources */,
			);
			buildRules = (
			);
			dependencies = (
				47EDBEDB2A422CFD00662755 /* PBXTargetDependency */,
			);
			name = ChatGPT_ML_WorksUITests;
			productName = ChatGPT_ML_WorksUITests;
			productReference = 47EDBED92A422CFD00662755 /* ChatGPT_ML_WorksUITests.xctest */;
			productType = "com.apple.product-type.bundle.ui-testing";
		};
/* End PBXNativeTarget section */

/* Begin PBXProject section */
		47EDBEB22A422CFB00662755 /* Project object */ = {
			isa = PBXProject;
			attributes = {
				BuildIndependentTargetsInParallel = 1;
				LastSwiftUpdateCheck = 1430;
				LastUpgradeCheck = 1430;
				TargetAttributes = {
					47EDBEB92A422CFB00662755 = {
						CreatedOnToolsVersion = 14.3.1;
					};
					47EDBECE2A422CFD00662755 = {
						CreatedOnToolsVersion = 14.3.1;
						TestTargetID = 47EDBEB92A422CFB00662755;
					};
					47EDBED82A422CFD00662755 = {
						CreatedOnToolsVersion = 14.3.1;
						TestTargetID = 47EDBEB92A422CFB00662755;
					};
				};
			};
			buildConfigurationList = 47EDBEB52A422CFB00662755 /* Build configuration list for PBXProject "ChatGPT_ML_Works" */;
			compatibilityVersion = "Xcode 14.0";
			developmentRegion = en;
			hasScannedForEncodings = 0;
			knownRegions = (
				en,
				Base,
			);
			mainGroup = 47EDBEB12A422CFB00662755;
			packageReferences = (
				47EDBEEC2A422DB200662755 /* XCRemoteSwiftPackageReference "GPTEncoder" */,
			);
			productRefGroup = 47EDBEBB2A422CFB00662755 /* Products */;
			projectDirPath = "";
			projectRoot = "";
			targets = (
				47EDBEB92A422CFB00662755 /* ChatGPT_ML_Works */,
				47EDBECE2A422CFD00662755 /* ChatGPT_ML_WorksTests */,
				47EDBED82A422CFD00662755 /* ChatGPT_ML_WorksUITests */,
			);
		};
/* End PBXProject section */

/* Begin PBXResourcesBuildPhase section */
		47EDBEB82A422CFB00662755 /* Resources */ = {
			isa = PBXResourcesBuildPhase;
			buildActionMask = 2147483647;
			files = (
				47EDBEC52A422CFD00662755 /* Preview Assets.xcassets in Resources */,
				47EDBEC22A422CFD00662755 /* Assets.xcassets in Resources */,
			);
			runOnlyForDeploymentPostprocessing = 0;
		};
		47EDBECD2A422CFD00662755 /* Resources */ = {
			isa = PBXResourcesBuildPhase;
			buildActionMask = 2147483647;
			files = (
			);
			runOnlyForDeploymentPostprocessing = 0;
		};
		47EDBED72A422CFD00662755 /* Resources */ = {
			isa = PBXResourcesBuildPhase;
			buildActionMask = 2147483647;
			files = (
			);
			runOnlyForDeploymentPostprocessing = 0;
		};
/* End PBXResourcesBuildPhase section */

/* Begin PBXSourcesBuildPhase section */
		47EDBEB62A422CFB00662755 /* Sources */ = {
			isa = PBXSourcesBuildPhase;
			buildActionMask = 2147483647;
			files = (
				47EDBEC72A422CFD00662755 /* Persistence.swift in Sources */,
				47EDBECA2A422CFD00662755 /* ChatGPT_ML_Works.xcdatamodeld in Sources */,
				47EDBEC02A422CFB00662755 /* ContentView.swift in Sources */,
				47EDBEF82A42316C00662755 /* Array+Extensions.swift in Sources */,
				47EDBEF32A42311200662755 /* GPTModels.swift in Sources */,
				47EDBEBE2A422CFB00662755 /* ChatGPT_ML_WorksApp.swift in Sources */,
				47EDBEF02A422E6F00662755 /* ChatGPTService.swift in Sources */,
			);
			runOnlyForDeploymentPostprocessing = 0;
		};
		47EDBECB2A422CFD00662755 /* Sources */ = {
			isa = PBXSourcesBuildPhase;
			buildActionMask = 2147483647;
			files = (
				47EDBED42A422CFD00662755 /* ChatGPT_ML_WorksTests.swift in Sources */,
				47EDBEF92A42316C00662755 /* Array+Extensions.swift in Sources */,
				47EDBEF42A42311200662755 /* GPTModels.swift in Sources */,
			);
			runOnlyForDeploymentPostprocessing = 0;
		};
		47EDBED52A422CFD00662755 /* Sources */ = {
			isa = PBXSourcesBuildPhase;
			buildActionMask = 2147483647;
			files = (
				47EDBEF52A42311200662755 /* GPTModels.swift in Sources */,
				47EDBEE02A422CFD00662755 /* ChatGPT_ML_WorksUITestsLaunchTests.swift in Sources */,
				47EDBEDE2A422CFD00662755 /* ChatGPT_ML_WorksUITests.swift in Sources */,
				47EDBEFA2A42316C00662755 /* Array+Extensions.swift in Sources */,
			);
			runOnlyForDeploymentPostprocessing = 0;
		};
/* End PBXSourcesBuildPhase section */

/* Begin PBXTargetDependency section */
		47EDBED12A422CFD00662755 /* PBXTargetDependency */ = {
			isa = PBXTargetDependency;
			target = 47EDBEB92A422CFB00662755 /* ChatGPT_ML_Works */;
			targetProxy = 47EDBED02A422CFD00662755 /* PBXContainerItemProxy */;
		};
		47EDBEDB2A422CFD00662755 /* PBXTargetDependency */ = {
			isa = PBXTargetDependency;
			target = 47EDBEB92A422CFB00662755 /* ChatGPT_ML_Works */;
			targetProxy = 47EDBEDA2A422CFD00662755 /* PBXContainerItemProxy */;
		};
/* End PBXTargetDependency section */

/* Begin XCBuildConfiguration section */
		47EDBEE12A422CFD00662755 /* Debug */ = {
			isa = XCBuildConfiguration;
			buildSettings = {
				ALWAYS_SEARCH_USER_PATHS = NO;
				CLANG_ANALYZER_NONNULL = YES;
				CLANG_ANALYZER_NUMBER_OBJECT_CONVERSION = YES_AGGRESSIVE;
				CLANG_CXX_LANGUAGE_STANDARD = "gnu++20";
				CLANG_ENABLE_MODULES = YES;
				CLANG_ENABLE_OBJC_ARC = YES;
				CLANG_ENABLE_OBJC_WEAK = YES;
				CLANG_WARN_BLOCK_CAPTURE_AUTORELEASING = YES;
				CLANG_WARN_BOOL_CONVERSION = YES;
				CLANG_WARN_COMMA = YES;
				CLANG_WARN_CONSTANT_CONVERSION = YES;
				CLANG_WARN_DEPRECATED_OBJC_IMPLEMENTATIONS = YES;
				CLANG_WARN_DIRECT_OBJC_ISA_USAGE = YES_ERROR;
				CLANG_WARN_DOCUMENTATION_COMMENTS = YES;
				CLANG_WARN_EMPTY_BODY = YES;
				CLANG_WARN_ENUM_CONVERSION = YES;
				CLANG_WARN_INFINITE_RECURSION = YES;
				CLANG_WARN_INT_CONVERSION = YES;
				CLANG_WARN_NON_LITERAL_NULL_CONVERSION = YES;
				CLANG_WARN_OBJC_IMPLICIT_RETAIN_SELF = YES;
				CLANG_WARN_OBJC_LITERAL_CONVERSION = YES;
				CLANG_WARN_OBJC_ROOT_CLASS = YES_ERROR;
				CLANG_WARN_QUOTED_INCLUDE_IN_FRAMEWORK_HEADER = YES;
				CLANG_WARN_RANGE_LOOP_ANALYSIS = YES;
				CLANG_WARN_STRICT_PROTOTYPES = YES;
				CLANG_WARN_SUSPICIOUS_MOVE = YES;
				CLANG_WARN_UNGUARDED_AVAILABILITY = YES_AGGRESSIVE;
				CLANG_WARN_UNREACHABLE_CODE = YES;
				CLANG_WARN__DUPLICATE_METHOD_MATCH = YES;
				COPY_PHASE_STRIP = NO;
				DEBUG_INFORMATION_FORMAT = dwarf;
				ENABLE_STRICT_OBJC_MSGSEND = YES;
				ENABLE_TESTABILITY = YES;
				GCC_C_LANGUAGE_STANDARD = gnu11;
				GCC_DYNAMIC_NO_PIC = NO;
				GCC_NO_COMMON_BLOCKS = YES;
				GCC_OPTIMIZATION_LEVEL = 0;
				GCC_PREPROCESSOR_DEFINITIONS = (
					"DEBUG=1",
					"$(inherited)",
				);
				GCC_WARN_64_TO_32_BIT_CONVERSION = YES;
				GCC_WARN_ABOUT_RETURN_TYPE = YES_ERROR;
				GCC_WARN_UNDECLARED_SELECTOR = YES;
				GCC_WARN_UNINITIALIZED_AUTOS = YES_AGGRESSIVE;
				GCC_WARN_UNUSED_FUNCTION = YES;
				GCC_WARN_UNUSED_VARIABLE = YES;
				IPHONEOS_DEPLOYMENT_TARGET = 16.4;
				MTL_ENABLE_DEBUG_INFO = INCLUDE_SOURCE;
				MTL_FAST_MATH = YES;
				ONLY_ACTIVE_ARCH = YES;
				SDKROOT = iphoneos;
				SWIFT_ACTIVE_COMPILATION_CONDITIONS = DEBUG;
				SWIFT_OPTIMIZATION_LEVEL = "-Onone";
			};
			name = Debug;
		};
		47EDBEE22A422CFD00662755 /* Release */ = {
			isa = XCBuildConfiguration;
			buildSettings = {
				ALWAYS_SEARCH_USER_PATHS = NO;
				CLANG_ANALYZER_NONNULL = YES;
				CLANG_ANALYZER_NUMBER_OBJECT_CONVERSION = YES_AGGRESSIVE;
				CLANG_CXX_LANGUAGE_STANDARD = "gnu++20";
				CLANG_ENABLE_MODULES = YES;
				CLANG_ENABLE_OBJC_ARC = YES;
				CLANG_ENABLE_OBJC_WEAK = YES;
				CLANG_WARN_BLOCK_CAPTURE_AUTORELEASING = YES;
				CLANG_WARN_BOOL_CONVERSION = YES;
				CLANG_WARN_COMMA = YES;
				CLANG_WARN_CONSTANT_CONVERSION = YES;
				CLANG_WARN_DEPRECATED_OBJC_IMPLEMENTATIONS = YES;
				CLANG_WARN_DIRECT_OBJC_ISA_USAGE = YES_ERROR;
				CLANG_WARN_DOCUMENTATION_COMMENTS = YES;
				CLANG_WARN_EMPTY_BODY = YES;
				CLANG_WARN_ENUM_CONVERSION = YES;
				CLANG_WARN_INFINITE_RECURSION = YES;
				CLANG_WARN_INT_CONVERSION = YES;
				CLANG_WARN_NON_LITERAL_NULL_CONVERSION = YES;
				CLANG_WARN_OBJC_IMPLICIT_RETAIN_SELF = YES;
				CLANG_WARN_OBJC_LITERAL_CONVERSION = YES;
				CLANG_WARN_OBJC_ROOT_CLASS = YES_ERROR;
				CLANG_WARN_QUOTED_INCLUDE_IN_FRAMEWORK_HEADER = YES;
				CLANG_WARN_RANGE_LOOP_ANALYSIS = YES;
				CLANG_WARN_STRICT_PROTOTYPES = YES;
				CLANG_WARN_SUSPICIOUS_MOVE = YES;
				CLANG_WARN_UNGUARDED_AVAILABILITY = YES_AGGRESSIVE;
				CLANG_WARN_UNREACHABLE_CODE = YES;
				CLANG_WARN__DUPLICATE_METHOD_MATCH = YES;
				COPY_PHASE_STRIP = NO;
				DEBUG_INFORMATION_FORMAT = "dwarf-with-dsym";
				ENABLE_NS_ASSERTIONS = NO;
				ENABLE_STRICT_OBJC_MSGSEND = YES;
				GCC_C_LANGUAGE_STANDARD = gnu11;
				GCC_NO_COMMON_BLOCKS = YES;
				GCC_WARN_64_TO_32_BIT_CONVERSION = YES;
				GCC_WARN_ABOUT_RETURN_TYPE = YES_ERROR;
				GCC_WARN_UNDECLARED_SELECTOR = YES;
				GCC_WARN_UNINITIALIZED_AUTOS = YES_AGGRESSIVE;
				GCC_WARN_UNUSED_FUNCTION = YES;
				GCC_WARN_UNUSED_VARIABLE = YES;
				IPHONEOS_DEPLOYMENT_TARGET = 16.4;
				MTL_ENABLE_DEBUG_INFO = NO;
				MTL_FAST_MATH = YES;
				SDKROOT = iphoneos;
				SWIFT_COMPILATION_MODE = wholemodule;
				SWIFT_OPTIMIZATION_LEVEL = "-O";
				VALIDATE_PRODUCT = YES;
			};
			name = Release;
		};
		47EDBEE42A422CFD00662755 /* Debug */ = {
			isa = XCBuildConfiguration;
			buildSettings = {
				ASSETCATALOG_COMPILER_APPICON_NAME = AppIcon;
				ASSETCATALOG_COMPILER_GLOBAL_ACCENT_COLOR_NAME = AccentColor;
				CODE_SIGN_STYLE = Automatic;
				CURRENT_PROJECT_VERSION = 1;
				DEVELOPMENT_ASSET_PATHS = "\"ChatGPT_ML_Works/Preview Content\"";
				ENABLE_PREVIEWS = YES;
				GENERATE_INFOPLIST_FILE = YES;
				INFOPLIST_KEY_UIApplicationSceneManifest_Generation = YES;
				INFOPLIST_KEY_UIApplicationSupportsIndirectInputEvents = YES;
				INFOPLIST_KEY_UILaunchScreen_Generation = YES;
				INFOPLIST_KEY_UISupportedInterfaceOrientations_iPad = "UIInterfaceOrientationPortrait UIInterfaceOrientationPortraitUpsideDown UIInterfaceOrientationLandscapeLeft UIInterfaceOrientationLandscapeRight";
				INFOPLIST_KEY_UISupportedInterfaceOrientations_iPhone = "UIInterfaceOrientationPortrait UIInterfaceOrientationLandscapeLeft UIInterfaceOrientationLandscapeRight";
				LD_RUNPATH_SEARCH_PATHS = (
					"$(inherited)",
					"@executable_path/Frameworks",
				);
				MARKETING_VERSION = 1.0;
				PRODUCT_BUNDLE_IDENTIFIER = "com.avenga.mobilemlworks.ChatGPT-ML-Works";
				PRODUCT_NAME = "$(TARGET_NAME)";
				SWIFT_EMIT_LOC_STRINGS = YES;
				SWIFT_VERSION = 5.0;
				TARGETED_DEVICE_FAMILY = "1,2";
			};
			name = Debug;
		};
		47EDBEE52A422CFD00662755 /* Release */ = {
			isa = XCBuildConfiguration;
			buildSettings = {
				ASSETCATALOG_COMPILER_APPICON_NAME = AppIcon;
				ASSETCATALOG_COMPILER_GLOBAL_ACCENT_COLOR_NAME = AccentColor;
				CODE_SIGN_STYLE = Automatic;
				CURRENT_PROJECT_VERSION = 1;
				DEVELOPMENT_ASSET_PATHS = "\"ChatGPT_ML_Works/Preview Content\"";
				ENABLE_PREVIEWS = YES;
				GENERATE_INFOPLIST_FILE = YES;
				INFOPLIST_KEY_UIApplicationSceneManifest_Generation = YES;
				INFOPLIST_KEY_UIApplicationSupportsIndirectInputEvents = YES;
				INFOPLIST_KEY_UILaunchScreen_Generation = YES;
				INFOPLIST_KEY_UISupportedInterfaceOrientations_iPad = "UIInterfaceOrientationPortrait UIInterfaceOrientationPortraitUpsideDown UIInterfaceOrientationLandscapeLeft UIInterfaceOrientationLandscapeRight";
				INFOPLIST_KEY_UISupportedInterfaceOrientations_iPhone = "UIInterfaceOrientationPortrait UIInterfaceOrientationLandscapeLeft UIInterfaceOrientationLandscapeRight";
				LD_RUNPATH_SEARCH_PATHS = (
					"$(inherited)",
					"@executable_path/Frameworks",
				);
				MARKETING_VERSION = 1.0;
				PRODUCT_BUNDLE_IDENTIFIER = "com.avenga.mobilemlworks.ChatGPT-ML-Works";
				PRODUCT_NAME = "$(TARGET_NAME)";
				SWIFT_EMIT_LOC_STRINGS = YES;
				SWIFT_VERSION = 5.0;
				TARGETED_DEVICE_FAMILY = "1,2";
			};
			name = Release;
		};
		47EDBEE72A422CFD00662755 /* Debug */ = {
			isa = XCBuildConfiguration;
			buildSettings = {
				ALWAYS_EMBED_SWIFT_STANDARD_LIBRARIES = YES;
				BUNDLE_LOADER = "$(TEST_HOST)";
				CODE_SIGN_STYLE = Automatic;
				CURRENT_PROJECT_VERSION = 1;
				GENERATE_INFOPLIST_FILE = YES;
				IPHONEOS_DEPLOYMENT_TARGET = 16.4;
				MARKETING_VERSION = 1.0;
				PRODUCT_BUNDLE_IDENTIFIER = "com.avenga.mobilemlworks.ChatGPT-ML-WorksTests";
				PRODUCT_NAME = "$(TARGET_NAME)";
				SWIFT_EMIT_LOC_STRINGS = NO;
				SWIFT_VERSION = 5.0;
				TARGETED_DEVICE_FAMILY = "1,2";
				TEST_HOST = "$(BUILT_PRODUCTS_DIR)/ChatGPT_ML_Works.app/$(BUNDLE_EXECUTABLE_FOLDER_PATH)/ChatGPT_ML_Works";
			};
			name = Debug;
		};
		47EDBEE82A422CFD00662755 /* Release */ = {
			isa = XCBuildConfiguration;
			buildSettings = {
				ALWAYS_EMBED_SWIFT_STANDARD_LIBRARIES = YES;
				BUNDLE_LOADER = "$(TEST_HOST)";
				CODE_SIGN_STYLE = Automatic;
				CURRENT_PROJECT_VERSION = 1;
				GENERATE_INFOPLIST_FILE = YES;
				IPHONEOS_DEPLOYMENT_TARGET = 16.4;
				MARKETING_VERSION = 1.0;
				PRODUCT_BUNDLE_IDENTIFIER = "com.avenga.mobilemlworks.ChatGPT-ML-WorksTests";
				PRODUCT_NAME = "$(TARGET_NAME)";
				SWIFT_EMIT_LOC_STRINGS = NO;
				SWIFT_VERSION = 5.0;
				TARGETED_DEVICE_FAMILY = "1,2";
				TEST_HOST = "$(BUILT_PRODUCTS_DIR)/ChatGPT_ML_Works.app/$(BUNDLE_EXECUTABLE_FOLDER_PATH)/ChatGPT_ML_Works";
			};
			name = Release;
		};
		47EDBEEA2A422CFD00662755 /* Debug */ = {
			isa = XCBuildConfiguration;
			buildSettings = {
				ALWAYS_EMBED_SWIFT_STANDARD_LIBRARIES = YES;
				CODE_SIGN_STYLE = Automatic;
				CURRENT_PROJECT_VERSION = 1;
				GENERATE_INFOPLIST_FILE = YES;
				MARKETING_VERSION = 1.0;
				PRODUCT_BUNDLE_IDENTIFIER = "com.avenga.mobilemlworks.ChatGPT-ML-WorksUITests";
				PRODUCT_NAME = "$(TARGET_NAME)";
				SWIFT_EMIT_LOC_STRINGS = NO;
				SWIFT_VERSION = 5.0;
				TARGETED_DEVICE_FAMILY = "1,2";
				TEST_TARGET_NAME = ChatGPT_ML_Works;
			};
			name = Debug;
		};
		47EDBEEB2A422CFD00662755 /* Release */ = {
			isa = XCBuildConfiguration;
			buildSettings = {
				ALWAYS_EMBED_SWIFT_STANDARD_LIBRARIES = YES;
				CODE_SIGN_STYLE = Automatic;
				CURRENT_PROJECT_VERSION = 1;
				GENERATE_INFOPLIST_FILE = YES;
				MARKETING_VERSION = 1.0;
				PRODUCT_BUNDLE_IDENTIFIER = "com.avenga.mobilemlworks.ChatGPT-ML-WorksUITests";
				PRODUCT_NAME = "$(TARGET_NAME)";
				SWIFT_EMIT_LOC_STRINGS = NO;
				SWIFT_VERSION = 5.0;
				TARGETED_DEVICE_FAMILY = "1,2";
				TEST_TARGET_NAME = ChatGPT_ML_Works;
			};
			name = Release;
		};
/* End XCBuildConfiguration section */

/* Begin XCConfigurationList section */
		47EDBEB52A422CFB00662755 /* Build configuration list for PBXProject "ChatGPT_ML_Works" */ = {
			isa = XCConfigurationList;
			buildConfigurations = (
				47EDBEE12A422CFD00662755 /* Debug */,
				47EDBEE22A422CFD00662755 /* Release */,
			);
			defaultConfigurationIsVisible = 0;
			defaultConfigurationName = Release;
		};
		47EDBEE32A422CFD00662755 /* Build configuration list for PBXNativeTarget "ChatGPT_ML_Works" */ = {
			isa = XCConfigurationList;
			buildConfigurations = (
				47EDBEE42A422CFD00662755 /* Debug */,
				47EDBEE52A422CFD00662755 /* Release */,
			);
			defaultConfigurationIsVisible = 0;
			defaultConfigurationName = Release;
		};
		47EDBEE62A422CFD00662755 /* Build configuration list for PBXNativeTarget "ChatGPT_ML_WorksTests" */ = {
			isa = XCConfigurationList;
			buildConfigurations = (
				47EDBEE72A422CFD00662755 /* Debug */,
				47EDBEE82A422CFD00662755 /* Release */,
			);
			defaultConfigurationIsVisible = 0;
			defaultConfigurationName = Release;
		};
		47EDBEE92A422CFD00662755 /* Build configuration list for PBXNativeTarget "ChatGPT_ML_WorksUITests" */ = {
			isa = XCConfigurationList;
			buildConfigurations = (
				47EDBEEA2A422CFD00662755 /* Debug */,
				47EDBEEB2A422CFD00662755 /* Release */,
			);
			defaultConfigurationIsVisible = 0;
			defaultConfigurationName = Release;
		};
/* End XCConfigurationList section */

/* Begin XCRemoteSwiftPackageReference section */
		47EDBEEC2A422DB200662755 /* XCRemoteSwiftPackageReference "GPTEncoder" */ = {
			isa = XCRemoteSwiftPackageReference;
			repositoryURL = "https://github.com/alfianlosari/GPTEncoder.git";
			requirement = {
				kind = exactVersion;
				version = 1.0.4;
			};
		};
/* End XCRemoteSwiftPackageReference section */

/* Begin XCSwiftPackageProductDependency section */
		47EDBEED2A422DB200662755 /* GPTEncoder */ = {
			isa = XCSwiftPackageProductDependency;
			package = 47EDBEEC2A422DB200662755 /* XCRemoteSwiftPackageReference "GPTEncoder" */;
			productName = GPTEncoder;
		};
/* End XCSwiftPackageProductDependency section */

/* Begin XCVersionGroup section */
		47EDBEC82A422CFD00662755 /* ChatGPT_ML_Works.xcdatamodeld */ = {
			isa = XCVersionGroup;
			children = (
				47EDBEC92A422CFD00662755 /* ChatGPT_ML_Works.xcdatamodel */,
			);
			currentVersion = 47EDBEC92A422CFD00662755 /* ChatGPT_ML_Works.xcdatamodel */;
			path = ChatGPT_ML_Works.xcdatamodeld;
			sourceTree = "<group>";
			versionGroupType = wrapper.xcdatamodel;
		};
/* End XCVersionGroup section */
	};
	rootObject = 47EDBEB22A422CFB00662755 /* Project object */;
}
